<Solution>
  <Project Path="VisionFlow.Base/VisionFlow.Base.csproj" />
  <Project Path="VisionFlow.Controls/VisionFlow.Controls.csproj" />
  <Project Path="VisionFlow.EditorCore/VisionFlow.EditorCore.csproj" />
  <Project Path="VisionFlow.Tests/VisionFlow.Tests.csproj" />
  <Project Path="VisionFlow.Tools/VisionFlow.Tools.csproj" />
  <Project Path="VisionFlow.WpfApp/VisionFlow.WpfApp.csproj" />
  <Project Path="VisionFlow.WpfToolEditors/VisionFlow.WpfToolEditors.csproj" />
</Solution>
